{
  "name": "MonTemplateApp",
  "version": "1.0.0",
  "lockfileVersion": 3,
  "requires": true,
  "packages": {
    "": {
      "name": "MonTemplateApp",
      "version": "1.0.0",
      "license": "MIT",
      "devDependencies": {}
    },
    "../../metadidomi-builder": {
      "version": "1.6.2812251812",
      "extraneous": true,
      "license": "MIT",
      "dependencies": {
        "javascript-obfuscator": "*"
      },
      "bin": {
        "metadidomi-builder": "build_tools/builder.js",
        "metadidomi-builder-help": "build_tools/commands-help.js"
      },
      "devDependencies": {
        "electron": "^39.1.1"
      },
      "engines": {
        "node": ">=14.0.0"
      }
    }
  }
}
